// !$*UTF8*$!
{
	archiveVersion = 1;
	classes = {
	};
	objectVersion = 54;
	objects = {

/* Begin PBXBuildFile section */
		CDCB76DF263C00D400709455 /* MagicLensTests.swift in Sources */ = {isa = PBXBuildFile; fileRef = CDCB76DE263C00D400709455 /* MagicLensTests.swift */; };
		CDCB76EA263C00D400709455 /* MagicLensUITests.swift in Sources */ = {isa = PBXBuildFile; fileRef = CDCB76E9263C00D400709455 /* MagicLensUITests.swift */; };
		CDCB7707263C012700709455 /* edgehighlights.fsh in Resources */ = {isa = PBXBuildFile; fileRef = CDCB76F8263C012700709455 /* edgehighlights.fsh */; };
		CDCB7708263C012700709455 /* infrared.fsh in Resources */ = {isa = PBXBuildFile; fileRef = CDCB76F9263C012700709455 /* infrared.fsh */; };
		CDCB7709263C012700709455 /* points.fsh in Resources */ = {isa = PBXBuildFile; fileRef = CDCB76FA263C012700709455 /* points.fsh */; };
		CDCB770A263C012700709455 /* delirium.fsh in Resources */ = {isa = PBXBuildFile; fileRef = CDCB76FB263C012700709455 /* delirium.fsh */; };
		CDCB770B263C012700709455 /* reflect.fsh in Resources */ = {isa = PBXBuildFile; fileRef = CDCB76FC263C012700709455 /* reflect.fsh */; };
		CDCB770C263C012700709455 /* crt.fsh in Resources */ = {isa = PBXBuildFile; fileRef = CDCB76FD263C012700709455 /* crt.fsh */; };
		CDCB770D263C012700709455 /* passThrough.vsh in Resources */ = {isa = PBXBuildFile; fileRef = CDCB76FE263C012700709455 /* passThrough.vsh */; };
		CDCB770E263C012700709455 /* lighttunnel.fsh in Resources */ = {isa = PBXBuildFile; fileRef = CDCB76FF263C012700709455 /* lighttunnel.fsh */; };
		CDCB770F263C012700709455 /* edge.fsh in Resources */ = {isa = PBXBuildFile; fileRef = CDCB7700263C012700709455 /* edge.fsh */; };
		CDCB7710263C012700709455 /* antifisheye.fsh in Resources */ = {isa = PBXBuildFile; fileRef = CDCB7701263C012700709455 /* antifisheye.fsh */; };
		CDCB7711263C012700709455 /* fisheye.fsh in Resources */ = {isa = PBXBuildFile; fileRef = CDCB7702263C012700709455 /* fisheye.fsh */; };
		CDCB7712263C012700709455 /* radialblur.fsh in Resources */ = {isa = PBXBuildFile; fileRef = CDCB7703263C012700709455 /* radialblur.fsh */; };
		CDCB7713263C012700709455 /* matrix.fsh in Resources */ = {isa = PBXBuildFile; fileRef = CDCB7704263C012700709455 /* matrix.fsh */; };
		CDCB7715263C012700709455 /* CameraFeed.swift in Sources */ = {isa = PBXBuildFile; fileRef = CDCB7706263C012700709455 /* CameraFeed.swift */; };
		CDCB7717263C01B900709455 /* Assets.xcassets in Resources */ = {isa = PBXBuildFile; fileRef = CDCB7716263C01B900709455 /* Assets.xcassets */; };
		CDCB771B263D065C00709455 /* Fisheye.metal in Sources */ = {isa = PBXBuildFile; fileRef = CDCB771A263D065C00709455 /* Fisheye.metal */; };
		CDCB771D263D0ADF00709455 /* Array+Helpers.swift in Sources */ = {isa = PBXBuildFile; fileRef = CDCB771C263D0ADF00709455 /* Array+Helpers.swift */; };
		EB0000000000000000000003 /* Common.metal in Sources */ = {isa = PBXBuildFile; fileRef = EB0000000000000000000002 /* Common.metal */; };
		EB0000000000000000000005 /* EdgeHighlights.metal in Sources */ = {isa = PBXBuildFile; fileRef = EB0000000000000000000004 /* EdgeHighlights.metal */; };
		EB0000000000000000000007 /* Infrared.metal in Sources */ = {isa = PBXBuildFile; fileRef = EB0000000000000000000006 /* Infrared.metal */; };
		EB0000000000000000000009 /* Points.metal in Sources */ = {isa = PBXBuildFile; fileRef = EB0000000000000000000008 /* Points.metal */; };
		EB000000000000000000000B /* Delirium.metal in Sources */ = {isa = PBXBuildFile; fileRef = EB000000000000000000000A /* Delirium.metal */; };
		EB000000000000000000000D /* Reflect.metal in Sources */ = {isa = PBXBuildFile; fileRef = EB000000000000000000000C /* Reflect.metal */; };
		EB000000000000000000000F /* LightTunnel.metal in Sources */ = {isa = PBXBuildFile; fileRef = EB000000000000000000000E /* LightTunnel.metal */; };
		EB0000000000000000000011 /* Edge.metal in Sources */ = {isa = PBXBuildFile; fileRef = EB0000000000000000000010 /* Edge.metal */; };
		EB0000000000000000000013 /* RadialBlur.metal in Sources */ = {isa = PBXBuildFile; fileRef = EB0000000000000000000012 /* RadialBlur.metal */; };
		EB0000000000000000000015 /* Matrix.metal in Sources */ = {isa = PBXBuildFile; fileRef = EB0000000000000000000014 /* Matrix.metal */; };
		EB0000000000000000000017 /* CRT.metal in Sources */ = {isa = PBXBuildFile; fileRef = EB0000000000000000000016 /* CRT.metal */; };
		EB0000000000000000000019 /* AntiFisheye.metal in Sources */ = {isa = PBXBuildFile; fileRef = EB0000000000000000000018 /* AntiFisheye.metal */; };
		EB0001000000000000000002 /* Gradient.metal in Sources */ = {isa = PBXBuildFile; fileRef = EB0001000000000000000001 /* Gradient.metal */; };
		EB0002000000000000000002 /* MagicLensApp.swift in Sources */ = {isa = PBXBuildFile; fileRef = EB0002000000000000000001 /* MagicLensApp.swift */; };
		EB0002000000000000000004 /* Effect.swift in Sources */ = {isa = PBXBuildFile; fileRef = EB0002000000000000000003 /* Effect.swift */; };
		EB0002000000000000000006 /* CameraController.swift in Sources */ = {isa = PBXBuildFile; fileRef = EB0002000000000000000005 /* CameraController.swift */; };
		EB0002000000000000000008 /* Renderer.swift in Sources */ = {isa = PBXBuildFile; fileRef = EB0002000000000000000007 /* Renderer.swift */; };
		EB000200000000000000000A /* MetalCameraView.swift in Sources */ = {isa = PBXBuildFile; fileRef = EB0002000000000000000009 /* MetalCameraView.swift */; };
		EB000200000000000000000C /* CameraView.swift in Sources */ = {isa = PBXBuildFile; fileRef = EB000200000000000000000B /* CameraView.swift */; };
		EB000200000000000000000E /* FilterPicker.swift in Sources */ = {isa = PBXBuildFile; fileRef = EB000200000000000000000D /* FilterPicker.swift */; };
		EB0003000000000000000002 /* VideoRecorder.swift in Sources */ = {isa = PBXBuildFile; fileRef = EB0003000000000000000001 /* VideoRecorder.swift */; };
		EB0003000000000000000004 /* VideoLibrary.swift in Sources */ = {isa = PBXBuildFile; fileRef = EB0003000000000000000003 /* VideoLibrary.swift */; };
		EB0003000000000000000006 /* RecordingsGrid.swift in Sources */ = {isa = PBXBuildFile; fileRef = EB0003000000000000000005 /* RecordingsGrid.swift */; };
		EB0006000000000000000002 /* FaceTracker.swift in Sources */ = {isa = PBXBuildFile; fileRef = EB0006000000000000000001 /* FaceTracker.swift */; };
		EB0006000000000000000004 /* FaceEffects.metal in Sources */ = {isa = PBXBuildFile; fileRef = EB0006000000000000000003 /* FaceEffects.metal */; };
		EB0007000000000000000002 /* TeethHighlight.swift in Sources */ = {isa = PBXBuildFile; fileRef = EB0007000000000000000001 /* TeethHighlight.swift */; };
		EB0008000000000000000002 /* FaceParsing.swift in Sources */ = {isa = PBXBuildFile; fileRef = EB0008000000000000000001 /* FaceParsing.swift */; };
		EB0008000000000000000012 /* FaceParsingResNet18.mlpackage in Sources */ = {isa = PBXBuildFile; fileRef = EB0008000000000000000011 /* FaceParsingResNet18.mlpackage */; };
		EB0007000000000000000004 /* TeethHighlightTests.swift in Sources */ = {isa = PBXBuildFile; fileRef = EB0007000000000000000003 /* TeethHighlightTests.swift */; };
		EB00AC000000000000000002 /* Platform.swift in Sources */ = {isa = PBXBuildFile; fileRef = EB00AC000000000000000001 /* Platform.swift */; };
		EB00AC000000000000000003 /* Gradient.metal in Sources */ = {isa = PBXBuildFile; fileRef = EB0001000000000000000001 /* Gradient.metal */; };
		EB00AC000000000000000004 /* Common.metal in Sources */ = {isa = PBXBuildFile; fileRef = EB0000000000000000000002 /* Common.metal */; };
		EB00AC000000000000000005 /* EdgeHighlights.metal in Sources */ = {isa = PBXBuildFile; fileRef = EB0000000000000000000004 /* EdgeHighlights.metal */; };
		EB00AC000000000000000006 /* Infrared.metal in Sources */ = {isa = PBXBuildFile; fileRef = EB0000000000000000000006 /* Infrared.metal */; };
		EB00AC000000000000000007 /* Points.metal in Sources */ = {isa = PBXBuildFile; fileRef = EB0000000000000000000008 /* Points.metal */; };
		EB00AC000000000000000008 /* Delirium.metal in Sources */ = {isa = PBXBuildFile; fileRef = EB000000000000000000000A /* Delirium.metal */; };
		EB00AC000000000000000009 /* Reflect.metal in Sources */ = {isa = PBXBuildFile; fileRef = EB000000000000000000000C /* Reflect.metal */; };
		EB00AC00000000000000000A /* LightTunnel.metal in Sources */ = {isa = PBXBuildFile; fileRef = EB000000000000000000000E /* LightTunnel.metal */; };
		EB00AC00000000000000000B /* Edge.metal in Sources */ = {isa = PBXBuildFile; fileRef = EB0000000000000000000010 /* Edge.metal */; };
		EB00AC00000000000000000C /* RadialBlur.metal in Sources */ = {isa = PBXBuildFile; fileRef = EB0000000000000000000012 /* RadialBlur.metal */; };
		EB00AC00000000000000000D /* Matrix.metal in Sources */ = {isa = PBXBuildFile; fileRef = EB0000000000000000000014 /* Matrix.metal */; };
		EB00AC00000000000000000E /* CRT.metal in Sources */ = {isa = PBXBuildFile; fileRef = EB0000000000000000000016 /* CRT.metal */; };
		EB00AC00000000000000000F /* AntiFisheye.metal in Sources */ = {isa = PBXBuildFile; fileRef = EB0000000000000000000018 /* AntiFisheye.metal */; };
		EB00AC000000000000000010 /* FaceEffects.metal in Sources */ = {isa = PBXBuildFile; fileRef = EB0006000000000000000003 /* FaceEffects.metal */; };
		EB00AC000000000000000011 /* Fisheye.metal in Sources */ = {isa = PBXBuildFile; fileRef = CDCB771A263D065C00709455 /* Fisheye.metal */; };
		EB00AC000000000000000012 /* MagicLensApp.swift in Sources */ = {isa = PBXBuildFile; fileRef = EB0002000000000000000001 /* MagicLensApp.swift */; };
		EB00AC000000000000000013 /* Effect.swift in Sources */ = {isa = PBXBuildFile; fileRef = EB0002000000000000000003 /* Effect.swift */; };
		EB00AC000000000000000014 /* CameraController.swift in Sources */ = {isa = PBXBuildFile; fileRef = EB0002000000000000000005 /* CameraController.swift */; };
		EB00AC000000000000000015 /* Renderer.swift in Sources */ = {isa = PBXBuildFile; fileRef = EB0002000000000000000007 /* Renderer.swift */; };
		EB00AC000000000000000016 /* MetalCameraView.swift in Sources */ = {isa = PBXBuildFile; fileRef = EB0002000000000000000009 /* MetalCameraView.swift */; };
		EB00AC000000000000000017 /* CameraView.swift in Sources */ = {isa = PBXBuildFile; fileRef = EB000200000000000000000B /* CameraView.swift */; };
		EB00AC000000000000000018 /* FilterPicker.swift in Sources */ = {isa = PBXBuildFile; fileRef = EB000200000000000000000D /* FilterPicker.swift */; };
		EB00AC000000000000000019 /* VideoRecorder.swift in Sources */ = {isa = PBXBuildFile; fileRef = EB0003000000000000000001 /* VideoRecorder.swift */; };
		EB00AC00000000000000001A /* VideoLibrary.swift in Sources */ = {isa = PBXBuildFile; fileRef = EB0003000000000000000003 /* VideoLibrary.swift */; };
		EB00AC00000000000000001B /* RecordingsGrid.swift in Sources */ = {isa = PBXBuildFile; fileRef = EB0003000000000000000005 /* RecordingsGrid.swift */; };
		EB00AC00000000000000001C /* FaceTracker.swift in Sources */ = {isa = PBXBuildFile; fileRef = EB0006000000000000000001 /* FaceTracker.swift */; };
		EB00AC00000000000000001D /* TeethHighlight.swift in Sources */ = {isa = PBXBuildFile; fileRef = EB0007000000000000000001 /* TeethHighlight.swift */; };
		EB0008000000000000000003 /* FaceParsing.swift in Sources */ = {isa = PBXBuildFile; fileRef = EB0008000000000000000001 /* FaceParsing.swift */; };
		EB0008000000000000000013 /* FaceParsingResNet18.mlpackage in Sources */ = {isa = PBXBuildFile; fileRef = EB0008000000000000000011 /* FaceParsingResNet18.mlpackage */; };
		EB00AC00000000000000001E /* Platform.swift in Sources */ = {isa = PBXBuildFile; fileRef = EB00AC000000000000000001 /* Platform.swift */; };
		EB00AC00000000000000001F /* CameraFeed.swift in Sources */ = {isa = PBXBuildFile; fileRef = CDCB7706263C012700709455 /* CameraFeed.swift */; };
		EB00AC000000000000000020 /* Array+Helpers.swift in Sources */ = {isa = PBXBuildFile; fileRef = CDCB771C263D0ADF00709455 /* Array+Helpers.swift */; };
		EB00AC000000000000000021 /* passThrough.vsh in Resources */ = {isa = PBXBuildFile; fileRef = CDCB76FE263C012700709455 /* passThrough.vsh */; };
		EB00AC000000000000000022 /* delirium.fsh in Resources */ = {isa = PBXBuildFile; fileRef = CDCB76FB263C012700709455 /* delirium.fsh */; };
		EB00AC000000000000000023 /* edge.fsh in Resources */ = {isa = PBXBuildFile; fileRef = CDCB7700263C012700709455 /* edge.fsh */; };
		EB00AC000000000000000024 /* points.fsh in Resources */ = {isa = PBXBuildFile; fileRef = CDCB76FA263C012700709455 /* points.fsh */; };
		EB00AC000000000000000025 /* fisheye.fsh in Resources */ = {isa = PBXBuildFile; fileRef = CDCB7702263C012700709455 /* fisheye.fsh */; };
		EB00AC000000000000000026 /* edgehighlights.fsh in Resources */ = {isa = PBXBuildFile; fileRef = CDCB76F8263C012700709455 /* edgehighlights.fsh */; };
		EB00AC000000000000000027 /* infrared.fsh in Resources */ = {isa = PBXBuildFile; fileRef = CDCB76F9263C012700709455 /* infrared.fsh */; };
		EB00AC000000000000000028 /* reflect.fsh in Resources */ = {isa = PBXBuildFile; fileRef = CDCB76FC263C012700709455 /* reflect.fsh */; };
		EB00AC000000000000000029 /* radialblur.fsh in Resources */ = {isa = PBXBuildFile; fileRef = CDCB7703263C012700709455 /* radialblur.fsh */; };
		EB00AC00000000000000002A /* matrix.fsh in Resources */ = {isa = PBXBuildFile; fileRef = CDCB7704263C012700709455 /* matrix.fsh */; };
		EB00AC00000000000000002B /* lighttunnel.fsh in Resources */ = {isa = PBXBuildFile; fileRef = CDCB76FF263C012700709455 /* lighttunnel.fsh */; };
		EB00AC00000000000000002C /* crt.fsh in Resources */ = {isa = PBXBuildFile; fileRef = CDCB76FD263C012700709455 /* crt.fsh */; };
		EB00AC00000000000000002D /* Assets.xcassets in Resources */ = {isa = PBXBuildFile; fileRef = CDCB7716263C01B900709455 /* Assets.xcassets */; };
		EB00AC00000000000000002E /* antifisheye.fsh in Resources */ = {isa = PBXBuildFile; fileRef = CDCB7701263C012700709455 /* antifisheye.fsh */; };
		EB0F00000000000000000002 /* EyeGlow.swift in Sources */ = {isa = PBXBuildFile; fileRef = EB0F00000000000000000001 /* EyeGlow.swift */; };
		EB0F00000000000000000003 /* EyeGlow.swift in Sources */ = {isa = PBXBuildFile; fileRef = EB0F00000000000000000001 /* EyeGlow.swift */; };
		EB0F00000000000000000005 /* EyeGlowRenderer.swift in Sources */ = {isa = PBXBuildFile; fileRef = EB0F00000000000000000004 /* EyeGlowRenderer.swift */; };
		EB0F0000000000000000000F /* EyeGlowSettingsView.swift in Sources */ = {isa = PBXBuildFile; fileRef = EB0F0000000000000000000E /* EyeGlowSettingsView.swift */; };
		EB0F00000000000000000010 /* EyeGlowSettingsView.swift in Sources */ = {isa = PBXBuildFile; fileRef = EB0F0000000000000000000E /* EyeGlowSettingsView.swift */; };
		EB0F00000000000000000006 /* EyeGlowRenderer.swift in Sources */ = {isa = PBXBuildFile; fileRef = EB0F00000000000000000004 /* EyeGlowRenderer.swift */; };
		EB0F00000000000000000008 /* EyeGlow.metal in Sources */ = {isa = PBXBuildFile; fileRef = EB0F00000000000000000007 /* EyeGlow.metal */; };
		EB0F00000000000000000009 /* EyeGlow.metal in Sources */ = {isa = PBXBuildFile; fileRef = EB0F00000000000000000007 /* EyeGlow.metal */; };
		EB1F00000000000000000002 /* EyeGlowTests.swift in Sources */ = {isa = PBXBuildFile; fileRef = EB1F00000000000000000001 /* EyeGlowTests.swift */; };
/* End PBXBuildFile section */

/* Begin PBXContainerItemProxy section */
		CDCB76DB263C00D400709455 /* PBXContainerItemProxy */ = {
			isa = PBXContainerItemProxy;
			containerPortal = CDCB76BC263C00D400709455 /* Project object */;
			proxyType = 1;
			remoteGlobalIDString = CDCB76C3263C00D400709455;
			remoteInfo = MagicLens;
		};
		CDCB76E6263C00D400709455 /* PBXContainerItemProxy */ = {
			isa = PBXContainerItemProxy;
			containerPortal = CDCB76BC263C00D400709455 /* Project object */;
			proxyType = 1;
			remoteGlobalIDString = CDCB76C3263C00D400709455;
			remoteInfo = MagicLens;
		};
/* End PBXContainerItemProxy section */

/* Begin PBXFileReference section */
		CDCB76C4263C00D400709455 /* MagicLens.app */ = {isa = PBXFileReference; explicitFileType = wrapper.application; includeInIndex = 0; path = MagicLens.app; sourceTree = BUILT_PRODUCTS_DIR; };
		CDCB76D5263C00D400709455 /* Info.plist */ = {isa = PBXFileReference; lastKnownFileType = text.plist.xml; path = Info.plist; sourceTree = "<group>"; };
		CDCB76DA263C00D400709455 /* MagicLensTests.xctest */ = {isa = PBXFileReference; explicitFileType = wrapper.cfbundle; includeInIndex = 0; path = MagicLensTests.xctest; sourceTree = BUILT_PRODUCTS_DIR; };
		CDCB76DE263C00D400709455 /* MagicLensTests.swift */ = {isa = PBXFileReference; lastKnownFileType = sourcecode.swift; path = MagicLensTests.swift; sourceTree = "<group>"; };
		CDCB76E0263C00D400709455 /* Info.plist */ = {isa = PBXFileReference; lastKnownFileType = text.plist.xml; path = Info.plist; sourceTree = "<group>"; };
		CDCB76E5263C00D400709455 /* MagicLensUITests.xctest */ = {isa = PBXFileReference; explicitFileType = wrapper.cfbundle; includeInIndex = 0; path = MagicLensUITests.xctest; sourceTree = BUILT_PRODUCTS_DIR; };
		CDCB76E9263C00D400709455 /* MagicLensUITests.swift */ = {isa = PBXFileReference; lastKnownFileType = sourcecode.swift; path = MagicLensUITests.swift; sourceTree = "<group>"; };
		CDCB76EB263C00D400709455 /* Info.plist */ = {isa = PBXFileReference; lastKnownFileType = text.plist.xml; path = Info.plist; sourceTree = "<group>"; };
		CDCB76F8263C012700709455 /* edgehighlights.fsh */ = {isa = PBXFileReference; fileEncoding = 4; lastKnownFileType = sourcecode.glsl; path = edgehighlights.fsh; sourceTree = "<group>"; };
		CDCB76F9263C012700709455 /* infrared.fsh */ = {isa = PBXFileReference; fileEncoding = 4; lastKnownFileType = sourcecode.glsl; path = infrared.fsh; sourceTree = "<group>"; };
		CDCB76FA263C012700709455 /* points.fsh */ = {isa = PBXFileReference; fileEncoding = 4; lastKnownFileType = sourcecode.glsl; path = points.fsh; sourceTree = "<group>"; };
		CDCB76FB263C012700709455 /* delirium.fsh */ = {isa = PBXFileReference; fileEncoding = 4; lastKnownFileType = sourcecode.glsl; path = delirium.fsh; sourceTree = "<group>"; };
		CDCB76FC263C012700709455 /* reflect.fsh */ = {isa = PBXFileReference; fileEncoding = 4; lastKnownFileType = sourcecode.glsl; path = reflect.fsh; sourceTree = "<group>"; };
		CDCB76FD263C012700709455 /* crt.fsh */ = {isa = PBXFileReference; fileEncoding = 4; lastKnownFileType = sourcecode.glsl; path = crt.fsh; sourceTree = "<group>"; };
		CDCB76FE263C012700709455 /* passThrough.vsh */ = {isa = PBXFileReference; fileEncoding = 4; lastKnownFileType = sourcecode.glsl; path = passThrough.vsh; sourceTree = "<group>"; };
		CDCB76FF263C012700709455 /* lighttunnel.fsh */ = {isa = PBXFileReference; fileEncoding = 4; lastKnownFileType = sourcecode.glsl; path = lighttunnel.fsh; sourceTree = "<group>"; };
		CDCB7700263C012700709455 /* edge.fsh */ = {isa = PBXFileReference; fileEncoding = 4; lastKnownFileType = sourcecode.glsl; path = edge.fsh; sourceTree = "<group>"; };
		CDCB7701263C012700709455 /* antifisheye.fsh */ = {isa = PBXFileReference; fileEncoding = 4; lastKnownFileType = sourcecode.glsl; path = antifisheye.fsh; sourceTree = "<group>"; };
		CDCB7702263C012700709455 /* fisheye.fsh */ = {isa = PBXFileReference; fileEncoding = 4; lastKnownFileType = sourcecode.glsl; path = fisheye.fsh; sourceTree = "<group>"; };
		CDCB7703263C012700709455 /* radialblur.fsh */ = {isa = PBXFileReference; fileEncoding = 4; lastKnownFileType = sourcecode.glsl; path = radialblur.fsh; sourceTree = "<group>"; };
		CDCB7704263C012700709455 /* matrix.fsh */ = {isa = PBXFileReference; fileEncoding = 4; lastKnownFileType = sourcecode.glsl; path = matrix.fsh; sourceTree = "<group>"; };
		CDCB7706263C012700709455 /* CameraFeed.swift */ = {isa = PBXFileReference; fileEncoding = 4; lastKnownFileType = sourcecode.swift; path = CameraFeed.swift; sourceTree = "<group>"; };
		CDCB7716263C01B900709455 /* Assets.xcassets */ = {isa = PBXFileReference; lastKnownFileType = folder.assetcatalog; path = Assets.xcassets; sourceTree = "<group>"; };
		CDCB771A263D065C00709455 /* Fisheye.metal */ = {isa = PBXFileReference; lastKnownFileType = sourcecode.metal; path = Fisheye.metal; sourceTree = "<group>"; };
		CDCB771C263D0ADF00709455 /* Array+Helpers.swift */ = {isa = PBXFileReference; lastKnownFileType = sourcecode.swift; path = "Array+Helpers.swift"; sourceTree = "<group>"; };
		EB0000000000000000000001 /* ShaderCommon.h */ = {isa = PBXFileReference; fileEncoding = 4; lastKnownFileType = sourcecode.c.h; path = ShaderCommon.h; sourceTree = "<group>"; };
		EB0000000000000000000002 /* Common.metal */ = {isa = PBXFileReference; fileEncoding = 4; lastKnownFileType = sourcecode.metal; path = Common.metal; sourceTree = "<group>"; };
		EB0000000000000000000004 /* EdgeHighlights.metal */ = {isa = PBXFileReference; fileEncoding = 4; lastKnownFileType = sourcecode.metal; path = EdgeHighlights.metal; sourceTree = "<group>"; };
		EB0000000000000000000006 /* Infrared.metal */ = {isa = PBXFileReference; fileEncoding = 4; lastKnownFileType = sourcecode.metal; path = Infrared.metal; sourceTree = "<group>"; };
		EB0000000000000000000008 /* Points.metal */ = {isa = PBXFileReference; fileEncoding = 4; lastKnownFileType = sourcecode.metal; path = Points.metal; sourceTree = "<group>"; };
		EB000000000000000000000A /* Delirium.metal */ = {isa = PBXFileReference; fileEncoding = 4; lastKnownFileType = sourcecode.metal; path = Delirium.metal; sourceTree = "<group>"; };
		EB000000000000000000000C /* Reflect.metal */ = {isa = PBXFileReference; fileEncoding = 4; lastKnownFileType = sourcecode.metal; path = Reflect.metal; sourceTree = "<group>"; };
		EB000000000000000000000E /* LightTunnel.metal */ = {isa = PBXFileReference; fileEncoding = 4; lastKnownFileType = sourcecode.metal; path = LightTunnel.metal; sourceTree = "<group>"; };
		EB0000000000000000000010 /* Edge.metal */ = {isa = PBXFileReference; fileEncoding = 4; lastKnownFileType = sourcecode.metal; path = Edge.metal; sourceTree = "<group>"; };
		EB0000000000000000000012 /* RadialBlur.metal */ = {isa = PBXFileReference; fileEncoding = 4; lastKnownFileType = sourcecode.metal; path = RadialBlur.metal; sourceTree = "<group>"; };
		EB0000000000000000000014 /* Matrix.metal */ = {isa = PBXFileReference; fileEncoding = 4; lastKnownFileType = sourcecode.metal; path = Matrix.metal; sourceTree = "<group>"; };
		EB0000000000000000000016 /* CRT.metal */ = {isa = PBXFileReference; fileEncoding = 4; lastKnownFileType = sourcecode.metal; path = CRT.metal; sourceTree = "<group>"; };
		EB0000000000000000000018 /* AntiFisheye.metal */ = {isa = PBXFileReference; fileEncoding = 4; lastKnownFileType = sourcecode.metal; path = AntiFisheye.metal; sourceTree = "<group>"; };
		EB0001000000000000000001 /* Gradient.metal */ = {isa = PBXFileReference; fileEncoding = 4; lastKnownFileType = sourcecode.metal; path = Gradient.metal; sourceTree = "<group>"; };
		EB0002000000000000000001 /* MagicLensApp.swift */ = {isa = PBXFileReference; fileEncoding = 4; lastKnownFileType = sourcecode.swift; path = MagicLensApp.swift; sourceTree = "<group>"; };
		EB0002000000000000000003 /* Effect.swift */ = {isa = PBXFileReference; fileEncoding = 4; lastKnownFileType = sourcecode.swift; path = Effect.swift; sourceTree = "<group>"; };
		EB0002000000000000000005 /* CameraController.swift */ = {isa = PBXFileReference; fileEncoding = 4; lastKnownFileType = sourcecode.swift; path = CameraController.swift; sourceTree = "<group>"; };
		EB0002000000000000000007 /* Renderer.swift */ = {isa = PBXFileReference; fileEncoding = 4; lastKnownFileType = sourcecode.swift; path = Renderer.swift; sourceTree = "<group>"; };
		EB0002000000000000000009 /* MetalCameraView.swift */ = {isa = PBXFileReference; fileEncoding = 4; lastKnownFileType = sourcecode.swift; path = MetalCameraView.swift; sourceTree = "<group>"; };
		EB000200000000000000000B /* CameraView.swift */ = {isa = PBXFileReference; fileEncoding = 4; lastKnownFileType = sourcecode.swift; path = CameraView.swift; sourceTree = "<group>"; };
		EB000200000000000000000D /* FilterPicker.swift */ = {isa = PBXFileReference; fileEncoding = 4; lastKnownFileType = sourcecode.swift; path = FilterPicker.swift; sourceTree = "<group>"; };
		EB0003000000000000000001 /* VideoRecorder.swift */ = {isa = PBXFileReference; fileEncoding = 4; lastKnownFileType = sourcecode.swift; path = VideoRecorder.swift; sourceTree = "<group>"; };
		EB0003000000000000000003 /* VideoLibrary.swift */ = {isa = PBXFileReference; fileEncoding = 4; lastKnownFileType = sourcecode.swift; path = VideoLibrary.swift; sourceTree = "<group>"; };
		EB0003000000000000000005 /* RecordingsGrid.swift */ = {isa = PBXFileReference; fileEncoding = 4; lastKnownFileType = sourcecode.swift; path = RecordingsGrid.swift; sourceTree = "<group>"; };
		EB0006000000000000000001 /* FaceTracker.swift */ = {isa = PBXFileReference; fileEncoding = 4; lastKnownFileType = sourcecode.swift; path = FaceTracker.swift; sourceTree = "<group>"; };
		EB0006000000000000000003 /* FaceEffects.metal */ = {isa = PBXFileReference; fileEncoding = 4; lastKnownFileType = sourcecode.metal; path = FaceEffects.metal; sourceTree = "<group>"; };
		EB0007000000000000000001 /* TeethHighlight.swift */ = {isa = PBXFileReference; fileEncoding = 4; lastKnownFileType = sourcecode.swift; path = TeethHighlight.swift; sourceTree = "<group>"; };
		EB0008000000000000000001 /* FaceParsing.swift */ = {isa = PBXFileReference; fileEncoding = 4; lastKnownFileType = sourcecode.swift; path = FaceParsing.swift; sourceTree = "<group>"; };
		EB0008000000000000000011 /* FaceParsingResNet18.mlpackage */ = {isa = PBXFileReference; lastKnownFileType = folder.mlpackage; path = FaceParsingResNet18.mlpackage; sourceTree = "<group>"; };
		EB0007000000000000000003 /* TeethHighlightTests.swift */ = {isa = PBXFileReference; fileEncoding = 4; lastKnownFileType = sourcecode.swift; path = TeethHighlightTests.swift; sourceTree = "<group>"; };
		EB00AC000000000000000001 /* Platform.swift */ = {isa = PBXFileReference; fileEncoding = 4; lastKnownFileType = sourcecode.swift; path = Platform.swift; sourceTree = "<group>"; };
		EB00AC00000000000000002F /* MagicLens.app */ = {isa = PBXFileReference; explicitFileType = wrapper.application; includeInIndex = 0; path = MagicLens.app; sourceTree = BUILT_PRODUCTS_DIR; };
		EB00AC000000000000000030 /* Info.plist */ = {isa = PBXFileReference; fileEncoding = 4; lastKnownFileType = text.plist.xml; path = Info.plist; sourceTree = "<group>"; };
		EB00AC000000000000000031 /* MagicLensMac.entitlements */ = {isa = PBXFileReference; fileEncoding = 4; lastKnownFileType = text.plist.entitlements; path = MagicLensMac.entitlements; sourceTree = "<group>"; };
		EB0F00000000000000000001 /* EyeGlow.swift */ = {isa = PBXFileReference; fileEncoding = 4; lastKnownFileType = sourcecode.swift; path = EyeGlow.swift; sourceTree = "<group>"; };
		EB0F00000000000000000004 /* EyeGlowRenderer.swift */ = {isa = PBXFileReference; fileEncoding = 4; lastKnownFileType = sourcecode.swift; path = EyeGlowRenderer.swift; sourceTree = "<group>"; };
		EB0F0000000000000000000E /* EyeGlowSettingsView.swift */ = {isa = PBXFileReference; fileEncoding = 4; lastKnownFileType = sourcecode.swift; path = EyeGlowSettingsView.swift; sourceTree = "<group>"; };
		EB0F00000000000000000007 /* EyeGlow.metal */ = {isa = PBXFileReference; fileEncoding = 4; lastKnownFileType = sourcecode.metal; path = EyeGlow.metal; sourceTree = "<group>"; };
		EB1F00000000000000000001 /* EyeGlowTests.swift */ = {isa = PBXFileReference; fileEncoding = 4; lastKnownFileType = sourcecode.swift; path = EyeGlowTests.swift; sourceTree = "<group>"; };
/* End PBXFileReference section */

/* Begin PBXFrameworksBuildPhase section */
		CDCB76C1263C00D400709455 /* Frameworks */ = {
			isa = PBXFrameworksBuildPhase;
			buildActionMask = 2147483647;
			files = (
			);
			runOnlyForDeploymentPostprocessing = 0;
		};
		CDCB76D7263C00D400709455 /* Frameworks */ = {
			isa = PBXFrameworksBuildPhase;
			buildActionMask = 2147483647;
			files = (
			);
			runOnlyForDeploymentPostprocessing = 0;
		};
		CDCB76E2263C00D400709455 /* Frameworks */ = {
			isa = PBXFrameworksBuildPhase;
			buildActionMask = 2147483647;
			files = (
			);
			runOnlyForDeploymentPostprocessing = 0;
		};
		EB00AC000000000000000035 /* Frameworks */ = {
			isa = PBXFrameworksBuildPhase;
			buildActionMask = 2147483647;
			files = (
			);
			runOnlyForDeploymentPostprocessing = 0;
		};
/* End PBXFrameworksBuildPhase section */

/* Begin PBXGroup section */
		CDCB76BB263C00D400709455 = {
			isa = PBXGroup;
			children = (
				EB00AC000000000000000032 /* MagicLensMac */,
				CDCB76C6263C00D400709455 /* MagicLens */,
				CDCB76DD263C00D400709455 /* MagicLensTests */,
				CDCB76E8263C00D400709455 /* MagicLensUITests */,
				CDCB76C5263C00D400709455 /* Products */,
			);
			sourceTree = "<group>";
		};
		CDCB76C5263C00D400709455 /* Products */ = {
			isa = PBXGroup;
			children = (
				EB00AC00000000000000002F /* MagicLens.app */,
				CDCB76C4263C00D400709455 /* MagicLens.app */,
				CDCB76DA263C00D400709455 /* MagicLensTests.xctest */,
				CDCB76E5263C00D400709455 /* MagicLensUITests.xctest */,
			);
			name = Products;
			sourceTree = "<group>";
		};
		CDCB76C6263C00D400709455 /* MagicLens */ = {
			isa = PBXGroup;
			children = (
				EB0002000000000000000001 /* MagicLensApp.swift */,
				EB0002000000000000000003 /* Effect.swift */,
				EB0002000000000000000005 /* CameraController.swift */,
				EB0002000000000000000007 /* Renderer.swift */,
				EB0002000000000000000009 /* MetalCameraView.swift */,
				EB000200000000000000000B /* CameraView.swift */,
				EB000200000000000000000D /* FilterPicker.swift */,
				EB0003000000000000000001 /* VideoRecorder.swift */,
				EB0003000000000000000003 /* VideoLibrary.swift */,
				EB0003000000000000000005 /* RecordingsGrid.swift */,
				EB0006000000000000000001 /* FaceTracker.swift */,
				EB0007000000000000000001 /* TeethHighlight.swift */,
				EB0008000000000000000001 /* FaceParsing.swift */,
				EB00AC000000000000000001 /* Platform.swift */,
				EB0F00000000000000000001 /* EyeGlow.swift */,
				EB0F00000000000000000004 /* EyeGlowRenderer.swift */,
				EB0F0000000000000000000E /* EyeGlowSettingsView.swift */,
				CDCB7706263C012700709455 /* CameraFeed.swift */,
				CDCB76D5263C00D400709455 /* Info.plist */,
				CDCB7716263C01B900709455 /* Assets.xcassets */,
				CDCB771E263D0AF600709455 /* Extensions */,
				CDCB76F7263C012700709455 /* Shaders */,
				EB0008000000000000000021 /* Models */,
			);
			path = MagicLens;
			sourceTree = "<group>";
		};
		CDCB76DD263C00D400709455 /* MagicLensTests */ = {
			isa = PBXGroup;
			children = (
				EB0007000000000000000003 /* TeethHighlightTests.swift */,
				EB1F00000000000000000001 /* EyeGlowTests.swift */,
				CDCB76DE263C00D400709455 /* MagicLensTests.swift */,
				CDCB76E0263C00D400709455 /* Info.plist */,
			);
			path = MagicLensTests;
			sourceTree = "<group>";
		};
		CDCB76E8263C00D400709455 /* MagicLensUITests */ = {
			isa = PBXGroup;
			children = (
				CDCB76E9263C00D400709455 /* MagicLensUITests.swift */,
				CDCB76EB263C00D400709455 /* Info.plist */,
			);
			path = MagicLensUITests;
			sourceTree = "<group>";
		};
		CDCB76F7263C012700709455 /* Shaders */ = {
			isa = PBXGroup;
			children = (
				EB0000000000000000000001 /* ShaderCommon.h */,
				EB0001000000000000000001 /* Gradient.metal */,
				EB0000000000000000000002 /* Common.metal */,
				EB0000000000000000000004 /* EdgeHighlights.metal */,
				EB0000000000000000000006 /* Infrared.metal */,
				EB0000000000000000000008 /* Points.metal */,
				EB000000000000000000000A /* Delirium.metal */,
				EB000000000000000000000C /* Reflect.metal */,
				EB000000000000000000000E /* LightTunnel.metal */,
				EB0000000000000000000010 /* Edge.metal */,
				EB0000000000000000000012 /* RadialBlur.metal */,
				EB0000000000000000000014 /* Matrix.metal */,
				EB0000000000000000000016 /* CRT.metal */,
				EB0000000000000000000018 /* AntiFisheye.metal */,
				EB0006000000000000000003 /* FaceEffects.metal */,
				EB0F00000000000000000007 /* EyeGlow.metal */,
				CDCB771A263D065C00709455 /* Fisheye.metal */,
				CDCB76F8263C012700709455 /* edgehighlights.fsh */,
				CDCB76F9263C012700709455 /* infrared.fsh */,
				CDCB76FA263C012700709455 /* points.fsh */,
				CDCB76FB263C012700709455 /* delirium.fsh */,
				CDCB76FC263C012700709455 /* reflect.fsh */,
				CDCB76FD263C012700709455 /* crt.fsh */,
				CDCB76FE263C012700709455 /* passThrough.vsh */,
				CDCB76FF263C012700709455 /* lighttunnel.fsh */,
				CDCB7700263C012700709455 /* edge.fsh */,
				CDCB7701263C012700709455 /* antifisheye.fsh */,
				CDCB7702263C012700709455 /* fisheye.fsh */,
				CDCB7703263C012700709455 /* radialblur.fsh */,
				CDCB7704263C012700709455 /* matrix.fsh */,
			);
			path = Shaders;
			sourceTree = "<group>";
		};
		CDCB771E263D0AF600709455 /* Extensions */ = {
			isa = PBXGroup;
			children = (
				CDCB771C263D0ADF00709455 /* Array+Helpers.swift */,
			);
			path = Extensions;
			sourceTree = "<group>";
		};
		EB00AC000000000000000032 /* MagicLensMac */ = {
			isa = PBXGroup;
			children = (
				EB00AC000000000000000030 /* Info.plist */,
				EB00AC000000000000000031 /* MagicLensMac.entitlements */,
			);
			path = MagicLensMac;
			sourceTree = "<group>";
		};
		EB0008000000000000000021 /* Models */ = {
			isa = PBXGroup;
			children = (
				EB0008000000000000000011 /* FaceParsingResNet18.mlpackage */,
			);
			path = Models;
			sourceTree = "<group>";
		};
/* End PBXGroup section */

/* Begin PBXNativeTarget section */
		CDCB76C3263C00D400709455 /* MagicLens */ = {
			isa = PBXNativeTarget;
			buildConfigurationList = CDCB76EE263C00D400709455 /* Build configuration list for PBXNativeTarget "MagicLens" */;
			buildPhases = (
				CDCB76C0263C00D400709455 /* Sources */,
				CDCB76C1263C00D400709455 /* Frameworks */,
				CDCB76C2263C00D400709455 /* Resources */,
			);
			buildRules = (
			);
			dependencies = (
			);
			name = MagicLens;
			productName = MagicLens;
			productReference = CDCB76C4263C00D400709455 /* MagicLens.app */;
			productType = "com.apple.product-type.application";
		};
		CDCB76D9263C00D400709455 /* MagicLensTests */ = {
			isa = PBXNativeTarget;
			buildConfigurationList = CDCB76F1263C00D400709455 /* Build configuration list for PBXNativeTarget "MagicLensTests" */;
			buildPhases = (
				CDCB76D6263C00D400709455 /* Sources */,
				CDCB76D7263C00D400709455 /* Frameworks */,
				CDCB76D8263C00D400709455 /* Resources */,
			);
			buildRules = (
			);
			dependencies = (
				CDCB76DC263C00D400709455 /* PBXTargetDependency */,
			);
			name = MagicLensTests;
			productName = MagicLensTests;
			productReference = CDCB76DA263C00D400709455 /* MagicLensTests.xctest */;
			productType = "com.apple.product-type.bundle.unit-test";
		};
		CDCB76E4263C00D400709455 /* MagicLensUITests */ = {
			isa = PBXNativeTarget;
			buildConfigurationList = CDCB76F4263C00D400709455 /* Build configuration list for PBXNativeTarget "MagicLensUITests" */;
			buildPhases = (
				CDCB76E1263C00D400709455 /* Sources */,
				CDCB76E2263C00D400709455 /* Frameworks */,
				CDCB76E3263C00D400709455 /* Resources */,
			);
			buildRules = (
			);
			dependencies = (
				CDCB76E7263C00D400709455 /* PBXTargetDependency */,
			);
			name = MagicLensUITests;
			productName = MagicLensUITests;
			productReference = CDCB76E5263C00D400709455 /* MagicLensUITests.xctest */;
			productType = "com.apple.product-type.bundle.ui-testing";
		};
		EB00AC000000000000000036 /* MagicLensMac */ = {
			isa = PBXNativeTarget;
			buildConfigurationList = EB00AC000000000000000037 /* Build configuration list for PBXNativeTarget "MagicLensMac" */;
			buildPhases = (
				EB00AC000000000000000033 /* Sources */,
				EB00AC000000000000000035 /* Frameworks */,
				EB00AC000000000000000034 /* Resources */,
			);
			buildRules = (
			);
			dependencies = (
			);
			name = MagicLensMac;
			productName = MagicLens;
			productReference = EB00AC00000000000000002F /* MagicLens.app */;
			productType = "com.apple.product-type.application";
		};
/* End PBXNativeTarget section */

/* Begin PBXProject section */
		CDCB76BC263C00D400709455 /* Project object */ = {
			isa = PBXProject;
			attributes = {
				BuildIndependentTargetsInParallel = YES;
				LastSwiftUpdateCheck = 1250;
				LastUpgradeCheck = 2660;
				TargetAttributes = {
					CDCB76C3263C00D400709455 = {
						CreatedOnToolsVersion = 12.5;
					};
					CDCB76D9263C00D400709455 = {
						CreatedOnToolsVersion = 12.5;
						TestTargetID = CDCB76C3263C00D400709455;
					};
					CDCB76E4263C00D400709455 = {
						CreatedOnToolsVersion = 12.5;
						TestTargetID = CDCB76C3263C00D400709455;
					};
				};
			};
			buildConfigurationList = CDCB76BF263C00D400709455 /* Build configuration list for PBXProject "MagicLens" */;
			compatibilityVersion = "Xcode 9.3";
			developmentRegion = en;
			hasScannedForEncodings = 0;
			knownRegions = (
				en,
				Base,
			);
			mainGroup = CDCB76BB263C00D400709455;
			productRefGroup = CDCB76C5263C00D400709455 /* Products */;
			projectDirPath = "";
			projectRoot = "";
			targets = (
				EB00AC000000000000000036 /* MagicLensMac */,
				CDCB76C3263C00D400709455 /* MagicLens */,
				CDCB76D9263C00D400709455 /* MagicLensTests */,
				CDCB76E4263C00D400709455 /* MagicLensUITests */,
			);
		};
/* End PBXProject section */

/* Begin PBXResourcesBuildPhase section */
		CDCB76C2263C00D400709455 /* Resources */ = {
			isa = PBXResourcesBuildPhase;
			buildActionMask = 2147483647;
			files = (
				CDCB770D263C012700709455 /* passThrough.vsh in Resources */,
				CDCB770A263C012700709455 /* delirium.fsh in Resources */,
				CDCB770F263C012700709455 /* edge.fsh in Resources */,
				CDCB7709263C012700709455 /* points.fsh in Resources */,
				CDCB7711263C012700709455 /* fisheye.fsh in Resources */,
				CDCB7707263C012700709455 /* edgehighlights.fsh in Resources */,
				CDCB7708263C012700709455 /* infrared.fsh in Resources */,
				CDCB770B263C012700709455 /* reflect.fsh in Resources */,
				CDCB7712263C012700709455 /* radialblur.fsh in Resources */,
				CDCB7713263C012700709455 /* matrix.fsh in Resources */,
				CDCB770E263C012700709455 /* lighttunnel.fsh in Resources */,
				CDCB770C263C012700709455 /* crt.fsh in Resources */,
				CDCB7717263C01B900709455 /* Assets.xcassets in Resources */,
				CDCB7710263C012700709455 /* antifisheye.fsh in Resources */,
			);
			runOnlyForDeploymentPostprocessing = 0;
		};
		CDCB76D8263C00D400709455 /* Resources */ = {
			isa = PBXResourcesBuildPhase;
			buildActionMask = 2147483647;
			files = (
			);
			runOnlyForDeploymentPostprocessing = 0;
		};
		CDCB76E3263C00D400709455 /* Resources */ = {
			isa = PBXResourcesBuildPhase;
			buildActionMask = 2147483647;
			files = (
			);
			runOnlyForDeploymentPostprocessing = 0;
		};
		EB00AC000000000000000034 /* Resources */ = {
			isa = PBXResourcesBuildPhase;
			buildActionMask = 2147483647;
			files = (
				EB00AC000000000000000021 /* passThrough.vsh in Resources */,
				EB00AC000000000000000022 /* delirium.fsh in Resources */,
				EB00AC000000000000000023 /* edge.fsh in Resources */,
				EB00AC000000000000000024 /* points.fsh in Resources */,
				EB00AC000000000000000025 /* fisheye.fsh in Resources */,
				EB00AC000000000000000026 /* edgehighlights.fsh in Resources */,
				EB00AC000000000000000027 /* infrared.fsh in Resources */,
				EB00AC000000000000000028 /* reflect.fsh in Resources */,
				EB00AC000000000000000029 /* radialblur.fsh in Resources */,
				EB00AC00000000000000002A /* matrix.fsh in Resources */,
				EB00AC00000000000000002B /* lighttunnel.fsh in Resources */,
				EB00AC00000000000000002C /* crt.fsh in Resources */,
				EB00AC00000000000000002D /* Assets.xcassets in Resources */,
				EB00AC00000000000000002E /* antifisheye.fsh in Resources */,
			);
			runOnlyForDeploymentPostprocessing = 0;
		};
/* End PBXResourcesBuildPhase section */

/* Begin PBXSourcesBuildPhase section */
		CDCB76C0263C00D400709455 /* Sources */ = {
			isa = PBXSourcesBuildPhase;
			buildActionMask = 2147483647;
			files = (
				EB0F00000000000000000008 /* EyeGlow.metal in Sources */,
				EB0F00000000000000000005 /* EyeGlowRenderer.swift in Sources */,
				EB0F0000000000000000000F /* EyeGlowSettingsView.swift in Sources */,
				EB0F00000000000000000002 /* EyeGlow.swift in Sources */,
				EB0001000000000000000002 /* Gradient.metal in Sources */,
				EB0000000000000000000003 /* Common.metal in Sources */,
				EB0000000000000000000005 /* EdgeHighlights.metal in Sources */,
				EB0000000000000000000007 /* Infrared.metal in Sources */,
				EB0000000000000000000009 /* Points.metal in Sources */,
				EB000000000000000000000B /* Delirium.metal in Sources */,
				EB000000000000000000000D /* Reflect.metal in Sources */,
				EB000000000000000000000F /* LightTunnel.metal in Sources */,
				EB0000000000000000000011 /* Edge.metal in Sources */,
				EB0000000000000000000013 /* RadialBlur.metal in Sources */,
				EB0000000000000000000015 /* Matrix.metal in Sources */,
				EB0000000000000000000017 /* CRT.metal in Sources */,
				EB0000000000000000000019 /* AntiFisheye.metal in Sources */,
				EB0006000000000000000004 /* FaceEffects.metal in Sources */,
				CDCB771B263D065C00709455 /* Fisheye.metal in Sources */,
				EB0002000000000000000002 /* MagicLensApp.swift in Sources */,
				EB0002000000000000000004 /* Effect.swift in Sources */,
				EB0002000000000000000006 /* CameraController.swift in Sources */,
				EB0002000000000000000008 /* Renderer.swift in Sources */,
				EB000200000000000000000A /* MetalCameraView.swift in Sources */,
				EB000200000000000000000C /* CameraView.swift in Sources */,
				EB000200000000000000000E /* FilterPicker.swift in Sources */,
				EB0003000000000000000002 /* VideoRecorder.swift in Sources */,
				EB0003000000000000000004 /* VideoLibrary.swift in Sources */,
				EB0003000000000000000006 /* RecordingsGrid.swift in Sources */,
				EB0006000000000000000002 /* FaceTracker.swift in Sources */,
				EB0007000000000000000002 /* TeethHighlight.swift in Sources */,
				EB0008000000000000000002 /* FaceParsing.swift in Sources */,
				EB0008000000000000000012 /* FaceParsingResNet18.mlpackage in Sources */,
				EB00AC000000000000000002 /* Platform.swift in Sources */,
				CDCB7715263C012700709455 /* CameraFeed.swift in Sources */,
				CDCB771D263D0ADF00709455 /* Array+Helpers.swift in Sources */,
			);
			runOnlyForDeploymentPostprocessing = 0;
		};
		CDCB76D6263C00D400709455 /* Sources */ = {
			isa = PBXSourcesBuildPhase;
			buildActionMask = 2147483647;
			files = (
				EB0007000000000000000004 /* TeethHighlightTests.swift in Sources */,
				EB1F00000000000000000002 /* EyeGlowTests.swift in Sources */,
				CDCB76DF263C00D400709455 /* MagicLensTests.swift in Sources */,
			);
			runOnlyForDeploymentPostprocessing = 0;
		};
		CDCB76E1263C00D400709455 /* Sources */ = {
			isa = PBXSourcesBuildPhase;
			buildActionMask = 2147483647;
			files = (
				CDCB76EA263C00D400709455 /* MagicLensUITests.swift in Sources */,
			);
			runOnlyForDeploymentPostprocessing = 0;
		};
		EB00AC000000000000000033 /* Sources */ = {
			isa = PBXSourcesBuildPhase;
			buildActionMask = 2147483647;
			files = (
				EB0F00000000000000000009 /* EyeGlow.metal in Sources */,
				EB0F00000000000000000006 /* EyeGlowRenderer.swift in Sources */,
				EB0F00000000000000000010 /* EyeGlowSettingsView.swift in Sources */,
				EB0F00000000000000000003 /* EyeGlow.swift in Sources */,
				EB00AC000000000000000003 /* Gradient.metal in Sources */,
				EB00AC000000000000000004 /* Common.metal in Sources */,
				EB00AC000000000000000005 /* EdgeHighlights.metal in Sources */,
				EB00AC000000000000000006 /* Infrared.metal in Sources */,
				EB00AC000000000000000007 /* Points.metal in Sources */,
				EB00AC000000000000000008 /* Delirium.metal in Sources */,
				EB00AC000000000000000009 /* Reflect.metal in Sources */,
				EB00AC00000000000000000A /* LightTunnel.metal in Sources */,
				EB00AC00000000000000000B /* Edge.metal in Sources */,
				EB00AC00000000000000000C /* RadialBlur.metal in Sources */,
				EB00AC00000000000000000D /* Matrix.metal in Sources */,
				EB00AC00000000000000000E /* CRT.metal in Sources */,
				EB00AC00000000000000000F /* AntiFisheye.metal in Sources */,
				EB00AC000000000000000010 /* FaceEffects.metal in Sources */,
				EB00AC000000000000000011 /* Fisheye.metal in Sources */,
				EB00AC000000000000000012 /* MagicLensApp.swift in Sources */,
				EB00AC000000000000000013 /* Effect.swift in Sources */,
				EB00AC000000000000000014 /* CameraController.swift in Sources */,
				EB00AC000000000000000015 /* Renderer.swift in Sources */,
				EB00AC000000000000000016 /* MetalCameraView.swift in Sources */,
				EB00AC000000000000000017 /* CameraView.swift in Sources */,
				EB00AC000000000000000018 /* FilterPicker.swift in Sources */,
				EB00AC000000000000000019 /* VideoRecorder.swift in Sources */,
				EB00AC00000000000000001A /* VideoLibrary.swift in Sources */,
				EB00AC00000000000000001B /* RecordingsGrid.swift in Sources */,
				EB00AC00000000000000001C /* FaceTracker.swift in Sources */,
				EB00AC00000000000000001D /* TeethHighlight.swift in Sources */,
				EB0008000000000000000003 /* FaceParsing.swift in Sources */,
				EB0008000000000000000013 /* FaceParsingResNet18.mlpackage in Sources */,
				EB00AC00000000000000001E /* Platform.swift in Sources */,
				EB00AC00000000000000001F /* CameraFeed.swift in Sources */,
				EB00AC000000000000000020 /* Array+Helpers.swift in Sources */,
			);
			runOnlyForDeploymentPostprocessing = 0;
		};
/* End PBXSourcesBuildPhase section */

/* Begin PBXTargetDependency section */
		CDCB76DC263C00D400709455 /* PBXTargetDependency */ = {
			isa = PBXTargetDependency;
			target = CDCB76C3263C00D400709455 /* MagicLens */;
			targetProxy = CDCB76DB263C00D400709455 /* PBXContainerItemProxy */;
		};
		CDCB76E7263C00D400709455 /* PBXTargetDependency */ = {
			isa = PBXTargetDependency;
			target = CDCB76C3263C00D400709455 /* MagicLens */;
			targetProxy = CDCB76E6263C00D400709455 /* PBXContainerItemProxy */;
		};
/* End PBXTargetDependency section */

/* Begin XCBuildConfiguration section */
		CDCB76EC263C00D400709455 /* Debug */ = {
			isa = XCBuildConfiguration;
			buildSettings = {
				ALWAYS_SEARCH_USER_PATHS = NO;
				CLANG_ANALYZER_NONNULL = YES;
				CLANG_ANALYZER_NUMBER_OBJECT_CONVERSION = YES_AGGRESSIVE;
				CLANG_CXX_LANGUAGE_STANDARD = "gnu++14";
				CLANG_CXX_LIBRARY = "libc++";
				CLANG_ENABLE_MODULES = YES;
				CLANG_ENABLE_OBJC_ARC = YES;
				CLANG_ENABLE_OBJC_WEAK = YES;
				CLANG_WARN_BLOCK_CAPTURE_AUTORELEASING = YES;
				CLANG_WARN_BOOL_CONVERSION = YES;
				CLANG_WARN_COMMA = YES;
				CLANG_WARN_CONSTANT_CONVERSION = YES;
				CLANG_WARN_DEPRECATED_OBJC_IMPLEMENTATIONS = YES;
				CLANG_WARN_DIRECT_OBJC_ISA_USAGE = YES_ERROR;
				CLANG_WARN_DOCUMENTATION_COMMENTS = YES;
				CLANG_WARN_EMPTY_BODY = YES;
				CLANG_WARN_ENUM_CONVERSION = YES;
				CLANG_WARN_INFINITE_RECURSION = YES;
				CLANG_WARN_INT_CONVERSION = YES;
				CLANG_WARN_NON_LITERAL_NULL_CONVERSION = YES;
				CLANG_WARN_OBJC_IMPLICIT_RETAIN_SELF = YES;
				CLANG_WARN_OBJC_LITERAL_CONVERSION = YES;
				CLANG_WARN_OBJC_ROOT_CLASS = YES_ERROR;
				CLANG_WARN_QUOTED_INCLUDE_IN_FRAMEWORK_HEADER = YES;
				CLANG_WARN_RANGE_LOOP_ANALYSIS = YES;
				CLANG_WARN_STRICT_PROTOTYPES = YES;
				CLANG_WARN_SUSPICIOUS_MOVE = YES;
				CLANG_WARN_UNGUARDED_AVAILABILITY = YES_AGGRESSIVE;
				CLANG_WARN_UNREACHABLE_CODE = YES;
				CLANG_WARN__DUPLICATE_METHOD_MATCH = YES;
				COPY_PHASE_STRIP = NO;
				DEBUG_INFORMATION_FORMAT = dwarf;
				DEVELOPMENT_TEAM = 3V8S45MBDY;
				ENABLE_STRICT_OBJC_MSGSEND = YES;
				ENABLE_TESTABILITY = YES;
				ENABLE_USER_SCRIPT_SANDBOXING = YES;
				GCC_C_LANGUAGE_STANDARD = gnu11;
				GCC_DYNAMIC_NO_PIC = NO;
				GCC_NO_COMMON_BLOCKS = YES;
				GCC_OPTIMIZATION_LEVEL = 0;
				GCC_PREPROCESSOR_DEFINITIONS = (
					"DEBUG=1",
					"$(inherited)",
				);
				GCC_WARN_64_TO_32_BIT_CONVERSION = YES;
				GCC_WARN_ABOUT_RETURN_TYPE = YES_ERROR;
				GCC_WARN_UNDECLARED_SELECTOR = YES;
				GCC_WARN_UNINITIALIZED_AUTOS = YES_AGGRESSIVE;
				GCC_WARN_UNUSED_FUNCTION = YES;
				GCC_WARN_UNUSED_VARIABLE = YES;
				IPHONEOS_DEPLOYMENT_TARGET = 17.0;
				MTL_ENABLE_DEBUG_INFO = INCLUDE_SOURCE;
				MTL_FAST_MATH = YES;
				ONLY_ACTIVE_ARCH = YES;
				SDKROOT = iphoneos;
				STRING_CATALOG_GENERATE_SYMBOLS = YES;
				SWIFT_ACTIVE_COMPILATION_CONDITIONS = DEBUG;
				SWIFT_OPTIMIZATION_LEVEL = "-Onone";
			};
			name = Debug;
		};
		CDCB76ED263C00D400709455 /* Release */ = {
			isa = XCBuildConfiguration;
			buildSettings = {
				ALWAYS_SEARCH_USER_PATHS = NO;
				CLANG_ANALYZER_NONNULL = YES;
				CLANG_ANALYZER_NUMBER_OBJECT_CONVERSION = YES_AGGRESSIVE;
				CLANG_CXX_LANGUAGE_STANDARD = "gnu++14";
				CLANG_CXX_LIBRARY = "libc++";
				CLANG_ENABLE_MODULES = YES;
				CLANG_ENABLE_OBJC_ARC = YES;
				CLANG_ENABLE_OBJC_WEAK = YES;
				CLANG_WARN_BLOCK_CAPTURE_AUTORELEASING = YES;
				CLANG_WARN_BOOL_CONVERSION = YES;
				CLANG_WARN_COMMA = YES;
				CLANG_WARN_CONSTANT_CONVERSION = YES;
				CLANG_WARN_DEPRECATED_OBJC_IMPLEMENTATIONS = YES;
				CLANG_WARN_DIRECT_OBJC_ISA_USAGE = YES_ERROR;
				CLANG_WARN_DOCUMENTATION_COMMENTS = YES;
				CLANG_WARN_EMPTY_BODY = YES;
				CLANG_WARN_ENUM_CONVERSION = YES;
				CLANG_WARN_INFINITE_RECURSION = YES;
				CLANG_WARN_INT_CONVERSION = YES;
				CLANG_WARN_NON_LITERAL_NULL_CONVERSION = YES;
				CLANG_WARN_OBJC_IMPLICIT_RETAIN_SELF = YES;
				CLANG_WARN_OBJC_LITERAL_CONVERSION = YES;
				CLANG_WARN_OBJC_ROOT_CLASS = YES_ERROR;
				CLANG_WARN_QUOTED_INCLUDE_IN_FRAMEWORK_HEADER = YES;
				CLANG_WARN_RANGE_LOOP_ANALYSIS = YES;
				CLANG_WARN_STRICT_PROTOTYPES = YES;
				CLANG_WARN_SUSPICIOUS_MOVE = YES;
				CLANG_WARN_UNGUARDED_AVAILABILITY = YES_AGGRESSIVE;
				CLANG_WARN_UNREACHABLE_CODE = YES;
				CLANG_WARN__DUPLICATE_METHOD_MATCH = YES;
				COPY_PHASE_STRIP = NO;
				DEBUG_INFORMATION_FORMAT = "dwarf-with-dsym";
				DEVELOPMENT_TEAM = 3V8S45MBDY;
				ENABLE_NS_ASSERTIONS = NO;
				ENABLE_STRICT_OBJC_MSGSEND = YES;
				ENABLE_USER_SCRIPT_SANDBOXING = YES;
				GCC_C_LANGUAGE_STANDARD = gnu11;
				GCC_NO_COMMON_BLOCKS = YES;
				GCC_WARN_64_TO_32_BIT_CONVERSION = YES;
				GCC_WARN_ABOUT_RETURN_TYPE = YES_ERROR;
				GCC_WARN_UNDECLARED_SELECTOR = YES;
				GCC_WARN_UNINITIALIZED_AUTOS = YES_AGGRESSIVE;
				GCC_WARN_UNUSED_FUNCTION = YES;
				GCC_WARN_UNUSED_VARIABLE = YES;
				IPHONEOS_DEPLOYMENT_TARGET = 17.0;
				MTL_ENABLE_DEBUG_INFO = NO;
				MTL_FAST_MATH = YES;
				SDKROOT = iphoneos;
				STRING_CATALOG_GENERATE_SYMBOLS = YES;
				SWIFT_COMPILATION_MODE = wholemodule;
				SWIFT_OPTIMIZATION_LEVEL = "-O";
				VALIDATE_PRODUCT = YES;
			};
			name = Release;
		};
		CDCB76EF263C00D400709455 /* Debug */ = {
			isa = XCBuildConfiguration;
			buildSettings = {
				ASSETCATALOG_COMPILER_APPICON_NAME = AppIcon;
				ASSETCATALOG_COMPILER_GLOBAL_ACCENT_COLOR_NAME = AccentColor;
				CODE_SIGN_STYLE = Automatic;
				INFOPLIST_FILE = MagicLens/Info.plist;
				IPHONEOS_DEPLOYMENT_TARGET = 17.0;
				LD_RUNPATH_SEARCH_PATHS = (
					"$(inherited)",
					"@executable_path/Frameworks",
				);
				PRODUCT_BUNDLE_IDENTIFIER = com.ion6.MagicLens;
				PRODUCT_NAME = "$(TARGET_NAME)";
				SUPPORTED_PLATFORMS = "iphoneos iphonesimulator";
				SUPPORTS_MACCATALYST = NO;
				SUPPORTS_MAC_DESIGNED_FOR_IPHONE_IPAD = NO;
				SUPPORTS_XR_DESIGNED_FOR_IPHONE_IPAD = NO;
				SWIFT_VERSION = 5.0;
				TARGETED_DEVICE_FAMILY = "1,2";
			};
			name = Debug;
		};
		CDCB76F0263C00D400709455 /* Release */ = {
			isa = XCBuildConfiguration;
			buildSettings = {
				ASSETCATALOG_COMPILER_APPICON_NAME = AppIcon;
				ASSETCATALOG_COMPILER_GLOBAL_ACCENT_COLOR_NAME = AccentColor;
				CODE_SIGN_STYLE = Automatic;
				INFOPLIST_FILE = MagicLens/Info.plist;
				IPHONEOS_DEPLOYMENT_TARGET = 17.0;
				LD_RUNPATH_SEARCH_PATHS = (
					"$(inherited)",
					"@executable_path/Frameworks",
				);
				PRODUCT_BUNDLE_IDENTIFIER = com.ion6.MagicLens;
				PRODUCT_NAME = "$(TARGET_NAME)";
				SUPPORTED_PLATFORMS = "iphoneos iphonesimulator";
				SUPPORTS_MACCATALYST = NO;
				SUPPORTS_MAC_DESIGNED_FOR_IPHONE_IPAD = NO;
				SUPPORTS_XR_DESIGNED_FOR_IPHONE_IPAD = NO;
				SWIFT_VERSION = 5.0;
				TARGETED_DEVICE_FAMILY = "1,2";
			};
			name = Release;
		};
		CDCB76F2263C00D400709455 /* Debug */ = {
			isa = XCBuildConfiguration;
			buildSettings = {
				BUNDLE_LOADER = "$(TEST_HOST)";
				CODE_SIGN_STYLE = Automatic;
				INFOPLIST_FILE = MagicLensTests/Info.plist;
				IPHONEOS_DEPLOYMENT_TARGET = 17.0;
				LD_RUNPATH_SEARCH_PATHS = (
					"$(inherited)",
					"@executable_path/Frameworks",
					"@loader_path/Frameworks",
				);
				PRODUCT_BUNDLE_IDENTIFIER = com.ion6.MagicLensTests;
				PRODUCT_NAME = "$(TARGET_NAME)";
				SWIFT_VERSION = 5.0;
				TARGETED_DEVICE_FAMILY = "1,2";
				TEST_HOST = "$(BUILT_PRODUCTS_DIR)/MagicLens.app/MagicLens";
			};
			name = Debug;
		};
		CDCB76F3263C00D400709455 /* Release */ = {
			isa = XCBuildConfiguration;
			buildSettings = {
				BUNDLE_LOADER = "$(TEST_HOST)";
				CODE_SIGN_STYLE = Automatic;
				INFOPLIST_FILE = MagicLensTests/Info.plist;
				IPHONEOS_DEPLOYMENT_TARGET = 17.0;
				LD_RUNPATH_SEARCH_PATHS = (
					"$(inherited)",
					"@executable_path/Frameworks",
					"@loader_path/Frameworks",
				);
				PRODUCT_BUNDLE_IDENTIFIER = com.ion6.MagicLensTests;
				PRODUCT_NAME = "$(TARGET_NAME)";
				SWIFT_VERSION = 5.0;
				TARGETED_DEVICE_FAMILY = "1,2";
				TEST_HOST = "$(BUILT_PRODUCTS_DIR)/MagicLens.app/MagicLens";
			};
			name = Release;
		};
		CDCB76F5263C00D400709455 /* Debug */ = {
			isa = XCBuildConfiguration;
			buildSettings = {
				CODE_SIGN_STYLE = Automatic;
				INFOPLIST_FILE = MagicLensUITests/Info.plist;
				LD_RUNPATH_SEARCH_PATHS = (
					"$(inherited)",
					"@executable_path/Frameworks",
					"@loader_path/Frameworks",
				);
				PRODUCT_BUNDLE_IDENTIFIER = com.ion6.MagicLensUITests;
				PRODUCT_NAME = "$(TARGET_NAME)";
				SWIFT_VERSION = 5.0;
				TARGETED_DEVICE_FAMILY = "1,2";
				TEST_TARGET_NAME = MagicLens;
			};
			name = Debug;
		};
		CDCB76F6263C00D400709455 /* Release */ = {
			isa = XCBuildConfiguration;
			buildSettings = {
				CODE_SIGN_STYLE = Automatic;
				INFOPLIST_FILE = MagicLensUITests/Info.plist;
				LD_RUNPATH_SEARCH_PATHS = (
					"$(inherited)",
					"@executable_path/Frameworks",
					"@loader_path/Frameworks",
				);
				PRODUCT_BUNDLE_IDENTIFIER = com.ion6.MagicLensUITests;
				PRODUCT_NAME = "$(TARGET_NAME)";
				SWIFT_VERSION = 5.0;
				TARGETED_DEVICE_FAMILY = "1,2";
				TEST_TARGET_NAME = MagicLens;
			};
			name = Release;
		};
		EB00AC000000000000000038 /* Debug */ = {
			isa = XCBuildConfiguration;
			buildSettings = {
				ASSETCATALOG_COMPILER_APPICON_NAME = AppIcon;
				CODE_SIGN_ENTITLEMENTS = MagicLensMac/MagicLensMac.entitlements;
				CODE_SIGN_STYLE = Automatic;
				COMBINE_HIDPI_IMAGES = YES;
				CURRENT_PROJECT_VERSION = 1;
				ENABLE_HARDENED_RUNTIME = YES;
				GENERATE_INFOPLIST_FILE = NO;
				INFOPLIST_FILE = MagicLensMac/Info.plist;
				INFOPLIST_KEY_LSApplicationCategoryType = "public.app-category.entertainment";
				LD_RUNPATH_SEARCH_PATHS = (
					"$(inherited)",
					"@executable_path/../Frameworks",
				);
				MACOSX_DEPLOYMENT_TARGET = 14.0;
				MARKETING_VERSION = 1.0;
				PRODUCT_BUNDLE_IDENTIFIER = com.ion6.MagicLens;
				PRODUCT_NAME = MagicLens;
				SDKROOT = macosx;
				SUPPORTED_PLATFORMS = macosx;
				SUPPORTS_MACCATALYST = NO;
				SWIFT_ACTIVE_COMPILATION_CONDITIONS = DEBUG;
				SWIFT_OPTIMIZATION_LEVEL = "-Onone";
				SWIFT_VERSION = 5.0;
			};
			name = Debug;
		};
		EB00AC000000000000000039 /* Release */ = {
			isa = XCBuildConfiguration;
			buildSettings = {
				ASSETCATALOG_COMPILER_APPICON_NAME = AppIcon;
				CODE_SIGN_ENTITLEMENTS = MagicLensMac/MagicLensMac.entitlements;
				CODE_SIGN_STYLE = Automatic;
				COMBINE_HIDPI_IMAGES = YES;
				CURRENT_PROJECT_VERSION = 1;
				ENABLE_HARDENED_RUNTIME = YES;
				GENERATE_INFOPLIST_FILE = NO;
				INFOPLIST_FILE = MagicLensMac/Info.plist;
				INFOPLIST_KEY_LSApplicationCategoryType = "public.app-category.entertainment";
				LD_RUNPATH_SEARCH_PATHS = (
					"$(inherited)",
					"@executable_path/../Frameworks",
				);
				MACOSX_DEPLOYMENT_TARGET = 14.0;
				MARKETING_VERSION = 1.0;
				PRODUCT_BUNDLE_IDENTIFIER = com.ion6.MagicLens;
				PRODUCT_NAME = MagicLens;
				SDKROOT = macosx;
				SUPPORTED_PLATFORMS = macosx;
				SUPPORTS_MACCATALYST = NO;
				SWIFT_VERSION = 5.0;
			};
			name = Release;
		};
/* End XCBuildConfiguration section */

/* Begin XCConfigurationList section */
		CDCB76BF263C00D400709455 /* Build configuration list for PBXProject "MagicLens" */ = {
			isa = XCConfigurationList;
			buildConfigurations = (
				CDCB76EC263C00D400709455 /* Debug */,
				CDCB76ED263C00D400709455 /* Release */,
			);
			defaultConfigurationIsVisible = 0;
			defaultConfigurationName = Release;
		};
		CDCB76EE263C00D400709455 /* Build configuration list for PBXNativeTarget "MagicLens" */ = {
			isa = XCConfigurationList;
			buildConfigurations = (
				CDCB76EF263C00D400709455 /* Debug */,
				CDCB76F0263C00D400709455 /* Release */,
			);
			defaultConfigurationIsVisible = 0;
			defaultConfigurationName = Release;
		};
		CDCB76F1263C00D400709455 /* Build configuration list for PBXNativeTarget "MagicLensTests" */ = {
			isa = XCConfigurationList;
			buildConfigurations = (
				CDCB76F2263C00D400709455 /* Debug */,
				CDCB76F3263C00D400709455 /* Release */,
			);
			defaultConfigurationIsVisible = 0;
			defaultConfigurationName = Release;
		};
		CDCB76F4263C00D400709455 /* Build configuration list for PBXNativeTarget "MagicLensUITests" */ = {
			isa = XCConfigurationList;
			buildConfigurations = (
				CDCB76F5263C00D400709455 /* Debug */,
				CDCB76F6263C00D400709455 /* Release */,
			);
			defaultConfigurationIsVisible = 0;
			defaultConfigurationName = Release;
		};
		EB00AC000000000000000037 /* Build configuration list for PBXNativeTarget "MagicLensMac" */ = {
			isa = XCConfigurationList;
			buildConfigurations = (
				EB00AC000000000000000038 /* Debug */,
				EB00AC000000000000000039 /* Release */,
			);
			defaultConfigurationIsVisible = 0;
			defaultConfigurationName = Release;
		};
/* End XCConfigurationList section */
	};
	rootObject = CDCB76BC263C00D400709455 /* Project object */;
}
